
Microsoft Visual Studio Solution File, Format Version 12.00
# Visual Studio Version 16
VisualStudioVersion = 16.0.30011.22
MinimumVisualStudioVersion = 10.0.40219.1
Project("{FAE04EC0-301F-11D3-BF4B-00C04F79EFBC}") = "ToolAPIApplication", "ToolAPIApplication\ToolAPIApplication.csproj", "{DD11A46F-F4BD-4041-8D45-477363EC84A6}"
EndProject
Global
	GlobalSection(SolutionConfigurationPlatforms) = preSolution
		Debug|Any CPU = Debug|Any CPU
		Release|Any CPU = Release|Any CPU
	EndGlobalSection
	GlobalSection(ProjectConfigurationPlatforms) = postSolution
		{DD11A46F-F4BD-4041-8D45-477363EC84A6}.Debug|Any CPU.ActiveCfg = Debug|Any CPU
		{DD11A46F-F4BD-4041-8D45-477363EC84A6}.Debug|Any CPU.Build.0 = Debug|Any CPU
		{DD11A46F-F4BD-4041-8D45-477363EC84A6}.Release|Any CPU.ActiveCfg = Release|Any CPU
		{DD11A46F-F4BD-4041-8D45-477363EC84A6}.Release|Any CPU.Build.0 = Release|Any CPU
	EndGlobalSection
	GlobalSection(SolutionProperties) = preSolution
		HideSolutionNode = FALSE
	EndGlobalSection
	GlobalSection(ExtensibilityGlobals) = postSolution
		SolutionGuid = {0B35E72C-6B88-4453-ACBA-907016FD77D6}
	EndGlobalSection
EndGlobal
